
Microsoft Visual Studio Solution File, Format Version 12.00
# Visual Studio 14
VisualStudioVersion = 14.0.23107.0
MinimumVisualStudioVersion = 10.0.40219.1
Project("{FAE04EC0-301F-11D3-BF4B-00C04F79EFBC}") = "RegexMatcher", "RegexMatcher\RegexMatcher.csproj", "{885B29D0-372F-4287-A75A-6F8E1BFBCC3F}"
EndProject
Project("{FAE04EC0-301F-11D3-BF4B-00C04F79EFBC}") = "RegexMatcher.Tests", "RegexMatcher.Tests\RegexMatcher.Tests.csproj", "{9A570B6B-6769-4BCC-9881-28BD879EBB90}"
EndProject
Global
	GlobalSection(SolutionConfigurationPlatforms) = preSolution
		Debug|Any CPU = Debug|Any CPU
		Release|Any CPU = Release|Any CPU
	EndGlobalSection
	GlobalSection(ProjectConfigurationPlatforms) = postSolution
		{885B29D0-372F-4287-A75A-6F8E1BFBCC3F}.Debug|Any CPU.ActiveCfg = Debug|Any CPU
		{885B29D0-372F-4287-A75A-6F8E1BFBCC3F}.Debug|Any CPU.Build.0 = Debug|Any CPU
		{885B29D0-372F-4287-A75A-6F8E1BFBCC3F}.Release|Any CPU.ActiveCfg = Release|Any CPU
		{885B29D0-372F-4287-A75A-6F8E1BFBCC3F}.Release|Any CPU.Build.0 = Release|Any CPU
		{9A570B6B-6769-4BCC-9881-28BD879EBB90}.Debug|Any CPU.ActiveCfg = Debug|Any CPU
		{9A570B6B-6769-4BCC-9881-28BD879EBB90}.Debug|Any CPU.Build.0 = Debug|Any CPU
		{9A570B6B-6769-4BCC-9881-28BD879EBB90}.Release|Any CPU.ActiveCfg = Release|Any CPU
		{9A570B6B-6769-4BCC-9881-28BD879EBB90}.Release|Any CPU.Build.0 = Release|Any CPU
	EndGlobalSection
	GlobalSection(SolutionProperties) = preSolution
		HideSolutionNode = FALSE
	EndGlobalSection
EndGlobal
